
Microsoft Visual Studio Solution File, Format Version 12.00
# Visual Studio Version 17
VisualStudioVersion = 17.14.36310.24 d17.14
MinimumVisualStudioVersion = 10.0.40219.1
Project("{FAE04EC0-301F-11D3-BF4B-00C04F79EFBC}") = "Xucxac", "Xucxac\Xucxac.csproj", "{43B1DD2B-096C-4479-B288-86626703D5DC}"
EndProject
Global
	GlobalSection(SolutionConfigurationPlatforms) = preSolution
		Debug|Any CPU = Debug|Any CPU
		Release|Any CPU = Release|Any CPU
	EndGlobalSection
	GlobalSection(ProjectConfigurationPlatforms) = postSolution
		{43B1DD2B-096C-4479-B288-86626703D5DC}.Debug|Any CPU.ActiveCfg = Debug|Any CPU
		{43B1DD2B-096C-4479-B288-86626703D5DC}.Debug|Any CPU.Build.0 = Debug|Any CPU
		{43B1DD2B-096C-4479-B288-86626703D5DC}.Release|Any CPU.ActiveCfg = Release|Any CPU
		{43B1DD2B-096C-4479-B288-86626703D5DC}.Release|Any CPU.Build.0 = Release|Any CPU
	EndGlobalSection
	GlobalSection(SolutionProperties) = preSolution
		HideSolutionNode = FALSE
	EndGlobalSection
	GlobalSection(ExtensibilityGlobals) = postSolution
		SolutionGuid = {8FF16B85-F334-4229-849C-435A27BD8AFF}
	EndGlobalSection
EndGlobal
